// !$*UTF8*$!
{
	archiveVersion = 1;
	classes = {
	};
	objectVersion = 77;
	objects = {

/* Begin PBXBuildFile section */
		009FC35205290FCDCF488504 /* AdminModels.swift in Sources */ = {isa = PBXBuildFile; fileRef = 12D0E6D09CA43424376D6A15 /* AdminModels.swift */; };
		029F35381B55B6A3EB4F213A /* ContentView.swift in Sources */ = {isa = PBXBuildFile; fileRef = D26947C0DDCD11B1F1E7B456 /* ContentView.swift */; };
		02DABA61888CFB34A7348FEE /* View+Extensions.swift in Sources */ = {isa = PBXBuildFile; fileRef = E02F073A2E0C2EB6AB9151F5 /* View+Extensions.swift */; };
		047C7FBF1DEED328EE8A8328 /* BidQueueService.swift in Sources */ = {isa = PBXBuildFile; fileRef = AC0948361C0CEC6368439DC2 /* BidQueueService.swift */; };
		0E3073DB0B16758E4A15C7B3 /* CountdownTimerView.swift in Sources */ = {isa = PBXBuildFile; fileRef = 6BE89E2B27935438A8B7BE17 /* CountdownTimerView.swift */; };
		11E1F8291B2564DA33E4512D /* UserProfileView.swift in Sources */ = {isa = PBXBuildFile; fileRef = 7F67D53AFDE0F2B12EC601B4 /* UserProfileView.swift */; };
		1364F01228B3E6524D8FA016 /* ArtworkImageView.swift in Sources */ = {isa = PBXBuildFile; fileRef = E51A2E05C48B309F0EF06CF9 /* ArtworkImageView.swift */; };
		13AD5A4E8CE16B25BD6F40B9 /* Assets.xcassets in Resources */ = {isa = PBXBuildFile; fileRef = 6C2FC4C6690900B82817EE01 /* Assets.xcassets */; };
		167DA7D88466A372C05EE3C8 /* L10n.swift in Sources */ = {isa = PBXBuildFile; fileRef = 7FE606B19BDBD3E4455B18F7 /* L10n.swift */; };
		18C644E92BCC03E8CCF32034 /* AdminAuthManager.swift in Sources */ = {isa = PBXBuildFile; fileRef = E40C477B255CC582BF47C6B6 /* AdminAuthManager.swift */; };
		19907E73FD4A600277545697 /* AdminNetworkService.swift in Sources */ = {isa = PBXBuildFile; fileRef = 6456044555E6F86C6FA71322 /* AdminNetworkService.swift */; };
		1FD3072B0439F3E812E0AF06 /* ARShowroomView.swift in Sources */ = {isa = PBXBuildFile; fileRef = 8FCEE3F1A7A974E383A35FF1 /* ARShowroomView.swift */; };
		2AA73A9C332C5B5F96790942 /* ArtworkDetailView.swift in Sources */ = {isa = PBXBuildFile; fileRef = 72EB3102FD8542F37DAED8CC /* ArtworkDetailView.swift */; };
		2F8868D93E7FD6ADFF2B1F6C /* AppIcon.icns in Resources */ = {isa = PBXBuildFile; fileRef = 0AF6807861394A54CEFD09B0 /* AppIcon.icns */; };
		31B73CFF0A78E1D1CE2F54A9 /* User.swift in Sources */ = {isa = PBXBuildFile; fileRef = D4C09C2F5DB538041C886E8D /* User.swift */; };
		349DAD76EB12411201DF4D67 /* AppDelegate.swift in Sources */ = {isa = PBXBuildFile; fileRef = 645B414BB14495BE94483F1B /* AppDelegate.swift */; };
		47A340A41A385D67F978B340 /* Color+Extensions.swift in Sources */ = {isa = PBXBuildFile; fileRef = 3565710316DB3CBBAFA9D6BA /* Color+Extensions.swift */; };
		4A546891A04DA5A7A7CED23D /* DashboardView.swift in Sources */ = {isa = PBXBuildFile; fileRef = B7A6629BE4C3A884A6677BA5 /* DashboardView.swift */; };
		4CE25AEF7398CD3A785A2327 /* FeedView.swift in Sources */ = {isa = PBXBuildFile; fileRef = 33BB8D71427478428B251A2C /* FeedView.swift */; };
		5920E4002ABEBC7850AF7D76 /* Theme.swift in Sources */ = {isa = PBXBuildFile; fileRef = 808CCD70D83E0894E8E899CB /* Theme.swift */; };
		5FB8B4C33E46930DB7136731 /* MessagesView.swift in Sources */ = {isa = PBXBuildFile; fileRef = 13885D41823758CB4BAA4335 /* MessagesView.swift */; };
		605267688CCEC7835FF8B434 /* AuctionDetailView.swift in Sources */ = {isa = PBXBuildFile; fileRef = B7FCC6033FDCE308EFEB8887 /* AuctionDetailView.swift */; };
		61A0BB641E7B9A7D12D688CE /* CreateNFTView.swift in Sources */ = {isa = PBXBuildFile; fileRef = 37D5512ADC9CDDC3D66FAD88 /* CreateNFTView.swift */; };
		6AAA70A1E280645AF3129E3B /* WebSocketService.swift in Sources */ = {isa = PBXBuildFile; fileRef = AE3BE67BA53E04B2EEFEECCB /* WebSocketService.swift */; };
		7DCC2D7A393847FF3D45B610 /* ProfileView.swift in Sources */ = {isa = PBXBuildFile; fileRef = 745252DF65D59D467062D016 /* ProfileView.swift */; };
		80F1EFDDF289FDA1F5367CF8 /* BidButton.swift in Sources */ = {isa = PBXBuildFile; fileRef = 39C8605E07C2E564452D1DED /* BidButton.swift */; };
		8441809FE4ACDB65B75649CF /* FullScreen3DViewer.swift in Sources */ = {isa = PBXBuildFile; fileRef = 94E582C05966DD22B080A491 /* FullScreen3DViewer.swift */; };
		85844AE4E254A7448C42FA9E /* ImagePicker.swift in Sources */ = {isa = PBXBuildFile; fileRef = 71A3B6EE301F367C8EBFD30F /* ImagePicker.swift */; };
		8BA2BD43AEDE6B555EA26FFC /* Collection.swift in Sources */ = {isa = PBXBuildFile; fileRef = 5BC46FBDA144F52E4DDE5855 /* Collection.swift */; };
		8D34E314963EB4271566A5A0 /* LoginView.swift in Sources */ = {isa = PBXBuildFile; fileRef = 4B2B98DE4DD550ED736D9C61 /* LoginView.swift */; };
		9034D161B36EB8A6C42280B8 /* AnalyticsService.swift in Sources */ = {isa = PBXBuildFile; fileRef = 3E14F5739A0492E0672B09C1 /* AnalyticsService.swift */; };
		907F185EA586CE176DE74CD5 /* Artwork3DView.swift in Sources */ = {isa = PBXBuildFile; fileRef = 09C0AF223CA9EE97B8CAF875 /* Artwork3DView.swift */; };
		9352CC1A79B129926DA49562 /* NFTArtsAdminApp.swift in Sources */ = {isa = PBXBuildFile; fileRef = 4F1113C6BE71FDF41631308E /* NFTArtsAdminApp.swift */; };
		9A6790EA16154473A88D29D8 /* AuthManager.swift in Sources */ = {isa = PBXBuildFile; fileRef = 98EBC59498F8DDFAC1F29383 /* AuthManager.swift */; };
		A2838B8F1722CC82F3461E7C /* Assets.xcassets in Resources */ = {isa = PBXBuildFile; fileRef = F7454098F1869095BA66DC81 /* Assets.xcassets */; };
		A617E8DBF8CE0453BA3DBB7E /* ArtworksListView.swift in Sources */ = {isa = PBXBuildFile; fileRef = B2C88408DA039B1DF647AC67 /* ArtworksListView.swift */; };
		A9FCF0346909E8355EFCD08C /* PushNotificationService.swift in Sources */ = {isa = PBXBuildFile; fileRef = 2F7FC4A537EDFFCD8FFC9EC1 /* PushNotificationService.swift */; };
		B135FDFA8D92BB25CF6A9365 /* UsersListView.swift in Sources */ = {isa = PBXBuildFile; fileRef = 4ACF94F589D9B19E2B3634F9 /* UsersListView.swift */; };
		B155AD3D2D90E9DC19DF7915 /* NormalMapGenerator.swift in Sources */ = {isa = PBXBuildFile; fileRef = 1FFD22BD2E7748DFF108B143 /* NormalMapGenerator.swift */; };
		B161B6BDA1152C0C5516E3B1 /* NetworkService.swift in Sources */ = {isa = PBXBuildFile; fileRef = 89966BF9F480458FBC83D40D /* NetworkService.swift */; };
		B1EE4DA90C4BA5AA9ED0B425 /* LoginView.swift in Sources */ = {isa = PBXBuildFile; fileRef = 4EF5505E1465A67863659556 /* LoginView.swift */; };
		B2DB01A9BA836889925DB369 /* ExploreView.swift in Sources */ = {isa = PBXBuildFile; fileRef = 36D496EB9DB585534A5589A4 /* ExploreView.swift */; };
		B625EF841EC8D1D97ADE4A37 /* MyCollectionView.swift in Sources */ = {isa = PBXBuildFile; fileRef = 0B10866BDBEE1EFEE911C31C /* MyCollectionView.swift */; };
		C358BED7DDA98B534EA807C7 /* MainTabView.swift in Sources */ = {isa = PBXBuildFile; fileRef = 0EE7AC688F8619DB73436243 /* MainTabView.swift */; };
		C572A9948B48557E9B97395C /* StatCard.swift in Sources */ = {isa = PBXBuildFile; fileRef = 3624815B1238EE1AB1D02A00 /* StatCard.swift */; };
		C63689F51E29B76E11264B84 /* MetricsService.swift in Sources */ = {isa = PBXBuildFile; fileRef = 92A1D009C88185612BCBE17F /* MetricsService.swift */; };
		C93A6B05F1442E8544395924 /* AuctionsListView.swift in Sources */ = {isa = PBXBuildFile; fileRef = 497B6E8A1E82DAB06D3A07CC /* AuctionsListView.swift */; };
		CC613648894E35BEFC692EC5 /* NFTArtsApp.swift in Sources */ = {isa = PBXBuildFile; fileRef = D11DB909CD0CD079EFDF9378 /* NFTArtsApp.swift */; };
		D7A7D3AF6EFAA0B8CABCA0BD /* NFTArtwork.swift in Sources */ = {isa = PBXBuildFile; fileRef = 4FDE6F444F6ED5BDB80053E1 /* NFTArtwork.swift */; };
		DA5CC200790E864B92573B7B /* Auction.swift in Sources */ = {isa = PBXBuildFile; fileRef = 033B08D916CAF3DBC5C72467 /* Auction.swift */; };
		E4989FF713FE185529830F73 /* FeedViewModel.swift in Sources */ = {isa = PBXBuildFile; fileRef = BF2FA1C85BDEE66905FFA346 /* FeedViewModel.swift */; };
		E8881FF5D294D2224F9D864A /* AuctionService.swift in Sources */ = {isa = PBXBuildFile; fileRef = 0599F34AFC874F283BF3473E /* AuctionService.swift */; };
		F06ADC7D861C73FCEDCC80C3 /* MockDataService.swift in Sources */ = {isa = PBXBuildFile; fileRef = 11B37E1886CB338A423F7CF9 /* MockDataService.swift */; };
		F36F8EA4CB18CBF4C6E4E3BC /* AuctionCardView.swift in Sources */ = {isa = PBXBuildFile; fileRef = D7925BB2F904A469BE8DAFD3 /* AuctionCardView.swift */; };
		FC52EF421EB5357DEA0CA0C8 /* UserDetailView.swift in Sources */ = {isa = PBXBuildFile; fileRef = 7B2E6AF71F83F4839A18A564 /* UserDetailView.swift */; };
		FEA4544C3A2CA03454CC49A2 /* ARContentView.swift in Sources */ = {isa = PBXBuildFile; fileRef = 5E8F2FE228EC9D7EFE2974CF /* ARContentView.swift */; };
/* End PBXBuildFile section */

/* Begin PBXFileReference section */
		033B08D916CAF3DBC5C72467 /* Auction.swift */ = {isa = PBXFileReference; lastKnownFileType = sourcecode.swift; path = Auction.swift; sourceTree = "<group>"; };
		0599F34AFC874F283BF3473E /* AuctionService.swift */ = {isa = PBXFileReference; lastKnownFileType = sourcecode.swift; path = AuctionService.swift; sourceTree = "<group>"; };
		09C0AF223CA9EE97B8CAF875 /* Artwork3DView.swift */ = {isa = PBXFileReference; lastKnownFileType = sourcecode.swift; path = Artwork3DView.swift; sourceTree = "<group>"; };
		0AF6807861394A54CEFD09B0 /* AppIcon.icns */ = {isa = PBXFileReference; lastKnownFileType = image.icns; path = AppIcon.icns; sourceTree = "<group>"; };
		0B10866BDBEE1EFEE911C31C /* MyCollectionView.swift */ = {isa = PBXFileReference; lastKnownFileType = sourcecode.swift; path = MyCollectionView.swift; sourceTree = "<group>"; };
		0EE7AC688F8619DB73436243 /* MainTabView.swift */ = {isa = PBXFileReference; lastKnownFileType = sourcecode.swift; path = MainTabView.swift; sourceTree = "<group>"; };
		11B37E1886CB338A423F7CF9 /* MockDataService.swift */ = {isa = PBXFileReference; lastKnownFileType = sourcecode.swift; path = MockDataService.swift; sourceTree = "<group>"; };
		12D0E6D09CA43424376D6A15 /* AdminModels.swift */ = {isa = PBXFileReference; lastKnownFileType = sourcecode.swift; path = AdminModels.swift; sourceTree = "<group>"; };
		135EAB2BAE81995632A90C34 /* Info.plist */ = {isa = PBXFileReference; lastKnownFileType = text.plist; path = Info.plist; sourceTree = "<group>"; };
		13885D41823758CB4BAA4335 /* MessagesView.swift */ = {isa = PBXFileReference; lastKnownFileType = sourcecode.swift; path = MessagesView.swift; sourceTree = "<group>"; };
		1CF3CCAFEF41AFA6ECD4E76A /* NFTArtsAdmin.app */ = {isa = PBXFileReference; explicitFileType = wrapper.application; includeInIndex = 0; path = NFTArtsAdmin.app; sourceTree = BUILT_PRODUCTS_DIR; };
		1FFD22BD2E7748DFF108B143 /* NormalMapGenerator.swift */ = {isa = PBXFileReference; lastKnownFileType = sourcecode.swift; path = NormalMapGenerator.swift; sourceTree = "<group>"; };
		2F7FC4A537EDFFCD8FFC9EC1 /* PushNotificationService.swift */ = {isa = PBXFileReference; lastKnownFileType = sourcecode.swift; path = PushNotificationService.swift; sourceTree = "<group>"; };
		33BB8D71427478428B251A2C /* FeedView.swift */ = {isa = PBXFileReference; lastKnownFileType = sourcecode.swift; path = FeedView.swift; sourceTree = "<group>"; };
		3565710316DB3CBBAFA9D6BA /* Color+Extensions.swift */ = {isa = PBXFileReference; lastKnownFileType = sourcecode.swift; path = "Color+Extensions.swift"; sourceTree = "<group>"; };
		3624815B1238EE1AB1D02A00 /* StatCard.swift */ = {isa = PBXFileReference; lastKnownFileType = sourcecode.swift; path = StatCard.swift; sourceTree = "<group>"; };
		36D496EB9DB585534A5589A4 /* ExploreView.swift */ = {isa = PBXFileReference; lastKnownFileType = sourcecode.swift; path = ExploreView.swift; sourceTree = "<group>"; };
		37D5512ADC9CDDC3D66FAD88 /* CreateNFTView.swift */ = {isa = PBXFileReference; lastKnownFileType = sourcecode.swift; path = CreateNFTView.swift; sourceTree = "<group>"; };
		39C8605E07C2E564452D1DED /* BidButton.swift */ = {isa = PBXFileReference; lastKnownFileType = sourcecode.swift; path = BidButton.swift; sourceTree = "<group>"; };
		3E14F5739A0492E0672B09C1 /* AnalyticsService.swift */ = {isa = PBXFileReference; lastKnownFileType = sourcecode.swift; path = AnalyticsService.swift; sourceTree = "<group>"; };
		497B6E8A1E82DAB06D3A07CC /* AuctionsListView.swift */ = {isa = PBXFileReference; lastKnownFileType = sourcecode.swift; path = AuctionsListView.swift; sourceTree = "<group>"; };
		4ACF94F589D9B19E2B3634F9 /* UsersListView.swift */ = {isa = PBXFileReference; lastKnownFileType = sourcecode.swift; path = UsersListView.swift; sourceTree = "<group>"; };
		4B2B98DE4DD550ED736D9C61 /* LoginView.swift */ = {isa = PBXFileReference; lastKnownFileType = sourcecode.swift; path = LoginView.swift; sourceTree = "<group>"; };
		4EF5505E1465A67863659556 /* LoginView.swift */ = {isa = PBXFileReference; lastKnownFileType = sourcecode.swift; path = LoginView.swift; sourceTree = "<group>"; };
		4F1113C6BE71FDF41631308E /* NFTArtsAdminApp.swift */ = {isa = PBXFileReference; lastKnownFileType = sourcecode.swift; path = NFTArtsAdminApp.swift; sourceTree = "<group>"; };
		4FDE6F444F6ED5BDB80053E1 /* NFTArtwork.swift */ = {isa = PBXFileReference; lastKnownFileType = sourcecode.swift; path = NFTArtwork.swift; sourceTree = "<group>"; };
		5BC46FBDA144F52E4DDE5855 /* Collection.swift */ = {isa = PBXFileReference; lastKnownFileType = sourcecode.swift; path = Collection.swift; sourceTree = "<group>"; };
		5E8F2FE228EC9D7EFE2974CF /* ARContentView.swift */ = {isa = PBXFileReference; lastKnownFileType = sourcecode.swift; path = ARContentView.swift; sourceTree = "<group>"; };
		6456044555E6F86C6FA71322 /* AdminNetworkService.swift */ = {isa = PBXFileReference; lastKnownFileType = sourcecode.swift; path = AdminNetworkService.swift; sourceTree = "<group>"; };
		645B414BB14495BE94483F1B /* AppDelegate.swift */ = {isa = PBXFileReference; lastKnownFileType = sourcecode.swift; path = AppDelegate.swift; sourceTree = "<group>"; };
		6BE89E2B27935438A8B7BE17 /* CountdownTimerView.swift */ = {isa = PBXFileReference; lastKnownFileType = sourcecode.swift; path = CountdownTimerView.swift; sourceTree = "<group>"; };
		6C2FC4C6690900B82817EE01 /* Assets.xcassets */ = {isa = PBXFileReference; lastKnownFileType = folder.assetcatalog; path = Assets.xcassets; sourceTree = "<group>"; };
		6CE8FD8B803261FD1F39827F /* NFTArts.app */ = {isa = PBXFileReference; includeInIndex = 0; lastKnownFileType = wrapper.application; path = NFTArts.app; sourceTree = BUILT_PRODUCTS_DIR; };
		71A3B6EE301F367C8EBFD30F /* ImagePicker.swift */ = {isa = PBXFileReference; lastKnownFileType = sourcecode.swift; path = ImagePicker.swift; sourceTree = "<group>"; };
		72EB3102FD8542F37DAED8CC /* ArtworkDetailView.swift */ = {isa = PBXFileReference; lastKnownFileType = sourcecode.swift; path = ArtworkDetailView.swift; sourceTree = "<group>"; };
		745252DF65D59D467062D016 /* ProfileView.swift */ = {isa = PBXFileReference; lastKnownFileType = sourcecode.swift; path = ProfileView.swift; sourceTree = "<group>"; };
		7B2E6AF71F83F4839A18A564 /* UserDetailView.swift */ = {isa = PBXFileReference; lastKnownFileType = sourcecode.swift; path = UserDetailView.swift; sourceTree = "<group>"; };
		7F67D53AFDE0F2B12EC601B4 /* UserProfileView.swift */ = {isa = PBXFileReference; lastKnownFileType = sourcecode.swift; path = UserProfileView.swift; sourceTree = "<group>"; };
		7FE606B19BDBD3E4455B18F7 /* L10n.swift */ = {isa = PBXFileReference; lastKnownFileType = sourcecode.swift; path = L10n.swift; sourceTree = "<group>"; };
		808CCD70D83E0894E8E899CB /* Theme.swift */ = {isa = PBXFileReference; lastKnownFileType = sourcecode.swift; path = Theme.swift; sourceTree = "<group>"; };
		89966BF9F480458FBC83D40D /* NetworkService.swift */ = {isa = PBXFileReference; lastKnownFileType = sourcecode.swift; path = NetworkService.swift; sourceTree = "<group>"; };
		8FCEE3F1A7A974E383A35FF1 /* ARShowroomView.swift */ = {isa = PBXFileReference; lastKnownFileType = sourcecode.swift; path = ARShowroomView.swift; sourceTree = "<group>"; };
		92A1D009C88185612BCBE17F /* MetricsService.swift */ = {isa = PBXFileReference; lastKnownFileType = sourcecode.swift; path = MetricsService.swift; sourceTree = "<group>"; };
		94E582C05966DD22B080A491 /* FullScreen3DViewer.swift */ = {isa = PBXFileReference; lastKnownFileType = sourcecode.swift; path = FullScreen3DViewer.swift; sourceTree = "<group>"; };
		98EBC59498F8DDFAC1F29383 /* AuthManager.swift */ = {isa = PBXFileReference; lastKnownFileType = sourcecode.swift; path = AuthManager.swift; sourceTree = "<group>"; };
		AC0948361C0CEC6368439DC2 /* BidQueueService.swift */ = {isa = PBXFileReference; lastKnownFileType = sourcecode.swift; path = BidQueueService.swift; sourceTree = "<group>"; };
		AE3BE67BA53E04B2EEFEECCB /* WebSocketService.swift */ = {isa = PBXFileReference; lastKnownFileType = sourcecode.swift; path = WebSocketService.swift; sourceTree = "<group>"; };
		B2C88408DA039B1DF647AC67 /* ArtworksListView.swift */ = {isa = PBXFileReference; lastKnownFileType = sourcecode.swift; path = ArtworksListView.swift; sourceTree = "<group>"; };
		B7A6629BE4C3A884A6677BA5 /* DashboardView.swift */ = {isa = PBXFileReference; lastKnownFileType = sourcecode.swift; path = DashboardView.swift; sourceTree = "<group>"; };
		B7FCC6033FDCE308EFEB8887 /* AuctionDetailView.swift */ = {isa = PBXFileReference; lastKnownFileType = sourcecode.swift; path = AuctionDetailView.swift; sourceTree = "<group>"; };
		BF2FA1C85BDEE66905FFA346 /* FeedViewModel.swift */ = {isa = PBXFileReference; lastKnownFileType = sourcecode.swift; path = FeedViewModel.swift; sourceTree = "<group>"; };
		CD4437EDE37CE584FD9B18F3 /* Info.plist */ = {isa = PBXFileReference; lastKnownFileType = text.plist; path = Info.plist; sourceTree = "<group>"; };
		D11DB909CD0CD079EFDF9378 /* NFTArtsApp.swift */ = {isa = PBXFileReference; lastKnownFileType = sourcecode.swift; path = NFTArtsApp.swift; sourceTree = "<group>"; };
		D26947C0DDCD11B1F1E7B456 /* ContentView.swift */ = {isa = PBXFileReference; lastKnownFileType = sourcecode.swift; path = ContentView.swift; sourceTree = "<group>"; };
		D4C09C2F5DB538041C886E8D /* User.swift */ = {isa = PBXFileReference; lastKnownFileType = sourcecode.swift; path = User.swift; sourceTree = "<group>"; };
		D7925BB2F904A469BE8DAFD3 /* AuctionCardView.swift */ = {isa = PBXFileReference; lastKnownFileType = sourcecode.swift; path = AuctionCardView.swift; sourceTree = "<group>"; };
		E02F073A2E0C2EB6AB9151F5 /* View+Extensions.swift */ = {isa = PBXFileReference; lastKnownFileType = sourcecode.swift; path = "View+Extensions.swift"; sourceTree = "<group>"; };
		E40C477B255CC582BF47C6B6 /* AdminAuthManager.swift */ = {isa = PBXFileReference; lastKnownFileType = sourcecode.swift; path = AdminAuthManager.swift; sourceTree = "<group>"; };
		E51A2E05C48B309F0EF06CF9 /* ArtworkImageView.swift */ = {isa = PBXFileReference; lastKnownFileType = sourcecode.swift; path = ArtworkImageView.swift; sourceTree = "<group>"; };
		F7454098F1869095BA66DC81 /* Assets.xcassets */ = {isa = PBXFileReference; lastKnownFileType = folder.assetcatalog; path = Assets.xcassets; sourceTree = "<group>"; };
/* End PBXFileReference section */

/* Begin PBXGroup section */
		01A340F0FFF3428A6BC42713 /* Components */ = {
			isa = PBXGroup;
			children = (
				09C0AF223CA9EE97B8CAF875 /* Artwork3DView.swift */,
				E51A2E05C48B309F0EF06CF9 /* ArtworkImageView.swift */,
				39C8605E07C2E564452D1DED /* BidButton.swift */,
				6BE89E2B27935438A8B7BE17 /* CountdownTimerView.swift */,
				94E582C05966DD22B080A491 /* FullScreen3DViewer.swift */,
				71A3B6EE301F367C8EBFD30F /* ImagePicker.swift */,
				1FFD22BD2E7748DFF108B143 /* NormalMapGenerator.swift */,
			);
			path = Components;
			sourceTree = "<group>";
		};
		08EC19E3A7889423C7D2A2DA /* Explore */ = {
			isa = PBXGroup;
			children = (
				36D496EB9DB585534A5589A4 /* ExploreView.swift */,
			);
			path = Explore;
			sourceTree = "<group>";
		};
		1FFDC1F14A8CD1083CD62930 /* Detail */ = {
			isa = PBXGroup;
			children = (
				72EB3102FD8542F37DAED8CC /* ArtworkDetailView.swift */,
			);
			path = Detail;
			sourceTree = "<group>";
		};
		259AD68DA6C1F23BAD99C19F /* Localization */ = {
			isa = PBXGroup;
			children = (
				7FE606B19BDBD3E4455B18F7 /* L10n.swift */,
			);
			path = Localization;
			sourceTree = "<group>";
		};
		2764E084CBF9F411AE35A88A /* Services */ = {
			isa = PBXGroup;
			children = (
				E40C477B255CC582BF47C6B6 /* AdminAuthManager.swift */,
				6456044555E6F86C6FA71322 /* AdminNetworkService.swift */,
			);
			path = Services;
			sourceTree = "<group>";
		};
		2F8A19D5EFD0632860DC500E /* Theme */ = {
			isa = PBXGroup;
			children = (
				808CCD70D83E0894E8E899CB /* Theme.swift */,
			);
			path = Theme;
			sourceTree = "<group>";
		};
		35C642AB95096967B8695EB5 /* Components */ = {
			isa = PBXGroup;
			children = (
				D7925BB2F904A469BE8DAFD3 /* AuctionCardView.swift */,
			);
			path = Components;
			sourceTree = "<group>";
		};
		38313086921AF2AAEE6D192F /* Extensions */ = {
			isa = PBXGroup;
			children = (
				3565710316DB3CBBAFA9D6BA /* Color+Extensions.swift */,
				E02F073A2E0C2EB6AB9151F5 /* View+Extensions.swift */,
			);
			path = Extensions;
			sourceTree = "<group>";
		};
		3EC4506E5A34448670511132 = {
			isa = PBXGroup;
			children = (
				CAEC6E0A7F71DBE28C659569 /* NFTArts */,
				773436EBB37815801B324BBC /* NFTArtsAdmin */,
				BB40E1E4CA78980FEC99BC71 /* Products */,
			);
			sourceTree = "<group>";
		};
		455CA88DC2CD3BCA251965FF /* Features */ = {
			isa = PBXGroup;
			children = (
				AD237E355C7381A1E38DEE59 /* ARView */,
				BFBE08E991DE80A1817EAE23 /* Auth */,
				8AABDFA77B6758F40961627F /* Collection */,
				8470D1EAC59D23FBF7504344 /* CreateNFT */,
				1FFDC1F14A8CD1083CD62930 /* Detail */,
				08EC19E3A7889423C7D2A2DA /* Explore */,
				F3587E965160BB9F8C96DD36 /* Feed */,
				B413B70642CD473118AB4642 /* Messages */,
				94F0856C48242A99C6FDE7EF /* Profile */,
			);
			path = Features;
			sourceTree = "<group>";
		};
		59F9B4DABBAECF714279F32F /* Views */ = {
			isa = PBXGroup;
			children = (
				B2C88408DA039B1DF647AC67 /* ArtworksListView.swift */,
				B7FCC6033FDCE308EFEB8887 /* AuctionDetailView.swift */,
				497B6E8A1E82DAB06D3A07CC /* AuctionsListView.swift */,
				D26947C0DDCD11B1F1E7B456 /* ContentView.swift */,
				B7A6629BE4C3A884A6677BA5 /* DashboardView.swift */,
				4B2B98DE4DD550ED736D9C61 /* LoginView.swift */,
				7B2E6AF71F83F4839A18A564 /* UserDetailView.swift */,
				4ACF94F589D9B19E2B3634F9 /* UsersListView.swift */,
				ECA60C350665C3AEFAD5F305 /* Components */,
			);
			path = Views;
			sourceTree = "<group>";
		};
		773436EBB37815801B324BBC /* NFTArtsAdmin */ = {
			isa = PBXGroup;
			children = (
				135EAB2BAE81995632A90C34 /* Info.plist */,
				4F1113C6BE71FDF41631308E /* NFTArtsAdminApp.swift */,
				9969436DC0CEC4FC2BE8A18C /* Models */,
				D1A45D99B37BD306C2A28216 /* Resources */,
				2764E084CBF9F411AE35A88A /* Services */,
				59F9B4DABBAECF714279F32F /* Views */,
			);
			path = NFTArtsAdmin;
			sourceTree = "<group>";
		};
		7FB3C1C21E85F8F2B9F6213A /* Core */ = {
			isa = PBXGroup;
			children = (
				38313086921AF2AAEE6D192F /* Extensions */,
				259AD68DA6C1F23BAD99C19F /* Localization */,
				80564BAEA7524A91ED587C25 /* Navigation */,
				2F8A19D5EFD0632860DC500E /* Theme */,
			);
			path = Core;
			sourceTree = "<group>";
		};
		80564BAEA7524A91ED587C25 /* Navigation */ = {
			isa = PBXGroup;
			children = (
				0EE7AC688F8619DB73436243 /* MainTabView.swift */,
			);
			path = Navigation;
			sourceTree = "<group>";
		};
		8470D1EAC59D23FBF7504344 /* CreateNFT */ = {
			isa = PBXGroup;
			children = (
				37D5512ADC9CDDC3D66FAD88 /* CreateNFTView.swift */,
			);
			path = CreateNFT;
			sourceTree = "<group>";
		};
		86E2E5E03D915EA7A3DC344F /* Models */ = {
			isa = PBXGroup;
			children = (
				033B08D916CAF3DBC5C72467 /* Auction.swift */,
				5BC46FBDA144F52E4DDE5855 /* Collection.swift */,
				4FDE6F444F6ED5BDB80053E1 /* NFTArtwork.swift */,
				D4C09C2F5DB538041C886E8D /* User.swift */,
			);
			path = Models;
			sourceTree = "<group>";
		};
		8AABDFA77B6758F40961627F /* Collection */ = {
			isa = PBXGroup;
			children = (
				0B10866BDBEE1EFEE911C31C /* MyCollectionView.swift */,
			);
			path = Collection;
			sourceTree = "<group>";
		};
		94F0856C48242A99C6FDE7EF /* Profile */ = {
			isa = PBXGroup;
			children = (
				745252DF65D59D467062D016 /* ProfileView.swift */,
				7F67D53AFDE0F2B12EC601B4 /* UserProfileView.swift */,
			);
			path = Profile;
			sourceTree = "<group>";
		};
		9969436DC0CEC4FC2BE8A18C /* Models */ = {
			isa = PBXGroup;
			children = (
				12D0E6D09CA43424376D6A15 /* AdminModels.swift */,
			);
			path = Models;
			sourceTree = "<group>";
		};
		AD237E355C7381A1E38DEE59 /* ARView */ = {
			isa = PBXGroup;
			children = (
				5E8F2FE228EC9D7EFE2974CF /* ARContentView.swift */,
				8FCEE3F1A7A974E383A35FF1 /* ARShowroomView.swift */,
			);
			path = ARView;
			sourceTree = "<group>";
		};
		B3BDFD437DABBCF169D9080B /* App */ = {
			isa = PBXGroup;
			children = (
				645B414BB14495BE94483F1B /* AppDelegate.swift */,
				D11DB909CD0CD079EFDF9378 /* NFTArtsApp.swift */,
			);
			path = App;
			sourceTree = "<group>";
		};
		B413B70642CD473118AB4642 /* Messages */ = {
			isa = PBXGroup;
			children = (
				13885D41823758CB4BAA4335 /* MessagesView.swift */,
			);
			path = Messages;
			sourceTree = "<group>";
		};
		BB40E1E4CA78980FEC99BC71 /* Products */ = {
			isa = PBXGroup;
			children = (
				6CE8FD8B803261FD1F39827F /* NFTArts.app */,
				1CF3CCAFEF41AFA6ECD4E76A /* NFTArtsAdmin.app */,
			);
			name = Products;
			sourceTree = "<group>";
		};
		BB9891E08E6E2ABDB94937B8 /* Services */ = {
			isa = PBXGroup;
			children = (
				3E14F5739A0492E0672B09C1 /* AnalyticsService.swift */,
				0599F34AFC874F283BF3473E /* AuctionService.swift */,
				98EBC59498F8DDFAC1F29383 /* AuthManager.swift */,
				AC0948361C0CEC6368439DC2 /* BidQueueService.swift */,
				92A1D009C88185612BCBE17F /* MetricsService.swift */,
				11B37E1886CB338A423F7CF9 /* MockDataService.swift */,
				89966BF9F480458FBC83D40D /* NetworkService.swift */,
				2F7FC4A537EDFFCD8FFC9EC1 /* PushNotificationService.swift */,
				AE3BE67BA53E04B2EEFEECCB /* WebSocketService.swift */,
			);
			path = Services;
			sourceTree = "<group>";
		};
		BFBE08E991DE80A1817EAE23 /* Auth */ = {
			isa = PBXGroup;
			children = (
				4EF5505E1465A67863659556 /* LoginView.swift */,
			);
			path = Auth;
			sourceTree = "<group>";
		};
		CAEC6E0A7F71DBE28C659569 /* NFTArts */ = {
			isa = PBXGroup;
			children = (
				CD4437EDE37CE584FD9B18F3 /* Info.plist */,
				B3BDFD437DABBCF169D9080B /* App */,
				01A340F0FFF3428A6BC42713 /* Components */,
				7FB3C1C21E85F8F2B9F6213A /* Core */,
				455CA88DC2CD3BCA251965FF /* Features */,
				86E2E5E03D915EA7A3DC344F /* Models */,
				F24945B17901D49D2C2C0951 /* Resources */,
				BB9891E08E6E2ABDB94937B8 /* Services */,
			);
			path = NFTArts;
			sourceTree = "<group>";
		};
		D1A45D99B37BD306C2A28216 /* Resources */ = {
			isa = PBXGroup;
			children = (
				0AF6807861394A54CEFD09B0 /* AppIcon.icns */,
				F7454098F1869095BA66DC81 /* Assets.xcassets */,
			);
			path = Resources;
			sourceTree = "<group>";
		};
		ECA60C350665C3AEFAD5F305 /* Components */ = {
			isa = PBXGroup;
			children = (
				3624815B1238EE1AB1D02A00 /* StatCard.swift */,
			);
			path = Components;
			sourceTree = "<group>";
		};
		F24945B17901D49D2C2C0951 /* Resources */ = {
			isa = PBXGroup;
			children = (
				6C2FC4C6690900B82817EE01 /* Assets.xcassets */,
			);
			path = Resources;
			sourceTree = "<group>";
		};
		F3587E965160BB9F8C96DD36 /* Feed */ = {
			isa = PBXGroup;
			children = (
				33BB8D71427478428B251A2C /* FeedView.swift */,
				BF2FA1C85BDEE66905FFA346 /* FeedViewModel.swift */,
				35C642AB95096967B8695EB5 /* Components */,
			);
			path = Feed;
			sourceTree = "<group>";
		};
/* End PBXGroup section */

/* Begin PBXNativeTarget section */
		0DC9900C4837DDF66A7F6479 /* NFTArts */ = {
			isa = PBXNativeTarget;
			buildConfigurationList = BDD116068D261B6665E16EA9 /* Build configuration list for PBXNativeTarget "NFTArts" */;
			buildPhases = (
				DA1A4B9B651EBED917ACE6B1 /* Sources */,
				A2365D5C64749AC1F3602AD3 /* Resources */,
			);
			buildRules = (
			);
			dependencies = (
			);
			name = NFTArts;
			packageProductDependencies = (
			);
			productName = NFTArts;
			productReference = 6CE8FD8B803261FD1F39827F /* NFTArts.app */;
			productType = "com.apple.product-type.application";
		};
		7CA24653F66EEE761555ABBA /* NFTArtsAdmin */ = {
			isa = PBXNativeTarget;
			buildConfigurationList = B042DD7FB79A628AF569D7B0 /* Build configuration list for PBXNativeTarget "NFTArtsAdmin" */;
			buildPhases = (
				C53DABB4005978BE52C0D889 /* Sources */,
				B53C0AB6AE2A41E48628C685 /* Resources */,
			);
			buildRules = (
			);
			dependencies = (
			);
			name = NFTArtsAdmin;
			packageProductDependencies = (
			);
			productName = NFTArtsAdmin;
			productReference = 1CF3CCAFEF41AFA6ECD4E76A /* NFTArtsAdmin.app */;
			productType = "com.apple.product-type.application";
		};
/* End PBXNativeTarget section */

/* Begin PBXProject section */
		76927C873731DCD3C78ED191 /* Project object */ = {
			isa = PBXProject;
			attributes = {
				BuildIndependentTargetsInParallel = YES;
				LastUpgradeCheck = 1500;
				TargetAttributes = {
					0DC9900C4837DDF66A7F6479 = {
						DevelopmentTeam = 27LYLK4WV8;
					};
					7CA24653F66EEE761555ABBA = {
						DevelopmentTeam = 27LYLK4WV8;
					};
				};
			};
			buildConfigurationList = F177517CFED812E198D2186A /* Build configuration list for PBXProject "NFTArts" */;
			compatibilityVersion = "Xcode 14.0";
			developmentRegion = en;
			hasScannedForEncodings = 0;
			knownRegions = (
				Base,
				en,
			);
			mainGroup = 3EC4506E5A34448670511132;
			minimizedProjectReferenceProxies = 1;
			preferredProjectObjectVersion = 77;
			projectDirPath = "";
			projectRoot = "";
			targets = (
				0DC9900C4837DDF66A7F6479 /* NFTArts */,
				7CA24653F66EEE761555ABBA /* NFTArtsAdmin */,
			);
		};
/* End PBXProject section */

/* Begin PBXResourcesBuildPhase section */
		A2365D5C64749AC1F3602AD3 /* Resources */ = {
			isa = PBXResourcesBuildPhase;
			buildActionMask = 2147483647;
			files = (
				13AD5A4E8CE16B25BD6F40B9 /* Assets.xcassets in Resources */,
			);
			runOnlyForDeploymentPostprocessing = 0;
		};
		B53C0AB6AE2A41E48628C685 /* Resources */ = {
			isa = PBXResourcesBuildPhase;
			buildActionMask = 2147483647;
			files = (
				2F8868D93E7FD6ADFF2B1F6C /* AppIcon.icns in Resources */,
				A2838B8F1722CC82F3461E7C /* Assets.xcassets in Resources */,
			);
			runOnlyForDeploymentPostprocessing = 0;
		};
/* End PBXResourcesBuildPhase section */

/* Begin PBXSourcesBuildPhase section */
		C53DABB4005978BE52C0D889 /* Sources */ = {
			isa = PBXSourcesBuildPhase;
			buildActionMask = 2147483647;
			files = (
				18C644E92BCC03E8CCF32034 /* AdminAuthManager.swift in Sources */,
				009FC35205290FCDCF488504 /* AdminModels.swift in Sources */,
				19907E73FD4A600277545697 /* AdminNetworkService.swift in Sources */,
				A617E8DBF8CE0453BA3DBB7E /* ArtworksListView.swift in Sources */,
				605267688CCEC7835FF8B434 /* AuctionDetailView.swift in Sources */,
				C93A6B05F1442E8544395924 /* AuctionsListView.swift in Sources */,
				029F35381B55B6A3EB4F213A /* ContentView.swift in Sources */,
				4A546891A04DA5A7A7CED23D /* DashboardView.swift in Sources */,
				8D34E314963EB4271566A5A0 /* LoginView.swift in Sources */,
				9352CC1A79B129926DA49562 /* NFTArtsAdminApp.swift in Sources */,
				C572A9948B48557E9B97395C /* StatCard.swift in Sources */,
				FC52EF421EB5357DEA0CA0C8 /* UserDetailView.swift in Sources */,
				B135FDFA8D92BB25CF6A9365 /* UsersListView.swift in Sources */,
			);
			runOnlyForDeploymentPostprocessing = 0;
		};
		DA1A4B9B651EBED917ACE6B1 /* Sources */ = {
			isa = PBXSourcesBuildPhase;
			buildActionMask = 2147483647;
			files = (
				FEA4544C3A2CA03454CC49A2 /* ARContentView.swift in Sources */,
				1FD3072B0439F3E812E0AF06 /* ARShowroomView.swift in Sources */,
				9034D161B36EB8A6C42280B8 /* AnalyticsService.swift in Sources */,
				349DAD76EB12411201DF4D67 /* AppDelegate.swift in Sources */,
				907F185EA586CE176DE74CD5 /* Artwork3DView.swift in Sources */,
				2AA73A9C332C5B5F96790942 /* ArtworkDetailView.swift in Sources */,
				1364F01228B3E6524D8FA016 /* ArtworkImageView.swift in Sources */,
				DA5CC200790E864B92573B7B /* Auction.swift in Sources */,
				F36F8EA4CB18CBF4C6E4E3BC /* AuctionCardView.swift in Sources */,
				E8881FF5D294D2224F9D864A /* AuctionService.swift in Sources */,
				9A6790EA16154473A88D29D8 /* AuthManager.swift in Sources */,
				80F1EFDDF289FDA1F5367CF8 /* BidButton.swift in Sources */,
				047C7FBF1DEED328EE8A8328 /* BidQueueService.swift in Sources */,
				8BA2BD43AEDE6B555EA26FFC /* Collection.swift in Sources */,
				47A340A41A385D67F978B340 /* Color+Extensions.swift in Sources */,
				0E3073DB0B16758E4A15C7B3 /* CountdownTimerView.swift in Sources */,
				61A0BB641E7B9A7D12D688CE /* CreateNFTView.swift in Sources */,
				B2DB01A9BA836889925DB369 /* ExploreView.swift in Sources */,
				4CE25AEF7398CD3A785A2327 /* FeedView.swift in Sources */,
				E4989FF713FE185529830F73 /* FeedViewModel.swift in Sources */,
				8441809FE4ACDB65B75649CF /* FullScreen3DViewer.swift in Sources */,
				85844AE4E254A7448C42FA9E /* ImagePicker.swift in Sources */,
				167DA7D88466A372C05EE3C8 /* L10n.swift in Sources */,
				B1EE4DA90C4BA5AA9ED0B425 /* LoginView.swift in Sources */,
				C358BED7DDA98B534EA807C7 /* MainTabView.swift in Sources */,
				5FB8B4C33E46930DB7136731 /* MessagesView.swift in Sources */,
				C63689F51E29B76E11264B84 /* MetricsService.swift in Sources */,
				F06ADC7D861C73FCEDCC80C3 /* MockDataService.swift in Sources */,
				B625EF841EC8D1D97ADE4A37 /* MyCollectionView.swift in Sources */,
				CC613648894E35BEFC692EC5 /* NFTArtsApp.swift in Sources */,
				D7A7D3AF6EFAA0B8CABCA0BD /* NFTArtwork.swift in Sources */,
				B161B6BDA1152C0C5516E3B1 /* NetworkService.swift in Sources */,
				B155AD3D2D90E9DC19DF7915 /* NormalMapGenerator.swift in Sources */,
				7DCC2D7A393847FF3D45B610 /* ProfileView.swift in Sources */,
				A9FCF0346909E8355EFCD08C /* PushNotificationService.swift in Sources */,
				5920E4002ABEBC7850AF7D76 /* Theme.swift in Sources */,
				31B73CFF0A78E1D1CE2F54A9 /* User.swift in Sources */,
				11E1F8291B2564DA33E4512D /* UserProfileView.swift in Sources */,
				02DABA61888CFB34A7348FEE /* View+Extensions.swift in Sources */,
				6AAA70A1E280645AF3129E3B /* WebSocketService.swift in Sources */,
			);
			runOnlyForDeploymentPostprocessing = 0;
		};
/* End PBXSourcesBuildPhase section */

/* Begin XCBuildConfiguration section */
		13E4656364DD689F9DE3CDDB /* Debug */ = {
			isa = XCBuildConfiguration;
			buildSettings = {
				ASSETCATALOG_COMPILER_APPICON_NAME = AppIcon;
				ASSETCATALOG_COMPILER_GLOBAL_ACCENT_COLOR_NAME = AccentColor;
				CODE_SIGN_IDENTITY = "iPhone Developer";
				INFOPLIST_FILE = NFTArts/Info.plist;
				LD_RUNPATH_SEARCH_PATHS = (
					"$(inherited)",
					"@executable_path/Frameworks",
				);
				PRODUCT_BUNDLE_IDENTIFIER = com.gorenkov.NFTArts;
				SDKROOT = iphoneos;
				SUPPORTS_MAC_DESIGNED_FOR_IPHONE_IPAD = NO;
				TARGETED_DEVICE_FAMILY = 1;
			};
			name = Debug;
		};
		4062C95A0D44A54A08AECB43 /* Release */ = {
			isa = XCBuildConfiguration;
			buildSettings = {
				ALWAYS_SEARCH_USER_PATHS = NO;
				CLANG_ANALYZER_NONNULL = YES;
				CLANG_ANALYZER_NUMBER_OBJECT_CONVERSION = YES_AGGRESSIVE;
				CLANG_CXX_LANGUAGE_STANDARD = "gnu++14";
				CLANG_CXX_LIBRARY = "libc++";
				CLANG_ENABLE_MODULES = YES;
				CLANG_ENABLE_OBJC_ARC = YES;
				CLANG_ENABLE_OBJC_WEAK = YES;
				CLANG_WARN_BLOCK_CAPTURE_AUTORELEASING = YES;
				CLANG_WARN_BOOL_CONVERSION = YES;
				CLANG_WARN_COMMA = YES;
				CLANG_WARN_CONSTANT_CONVERSION = YES;
				CLANG_WARN_DEPRECATED_OBJC_IMPLEMENTATIONS = YES;
				CLANG_WARN_DIRECT_OBJC_ISA_USAGE = YES_ERROR;
				CLANG_WARN_DOCUMENTATION_COMMENTS = YES;
				CLANG_WARN_EMPTY_BODY = YES;
				CLANG_WARN_ENUM_CONVERSION = YES;
				CLANG_WARN_INFINITE_RECURSION = YES;
				CLANG_WARN_INT_CONVERSION = YES;
				CLANG_WARN_NON_LITERAL_NULL_CONVERSION = YES;
				CLANG_WARN_OBJC_IMPLICIT_RETAIN_SELF = YES;
				CLANG_WARN_OBJC_LITERAL_CONVERSION = YES;
				CLANG_WARN_OBJC_ROOT_CLASS = YES_ERROR;
				CLANG_WARN_QUOTED_INCLUDE_IN_FRAMEWORK_HEADER = YES;
				CLANG_WARN_RANGE_LOOP_ANALYSIS = YES;
				CLANG_WARN_STRICT_PROTOTYPES = YES;
				CLANG_WARN_SUSPICIOUS_MOVE = YES;
				CLANG_WARN_UNGUARDED_AVAILABILITY = YES_AGGRESSIVE;
				CLANG_WARN_UNREACHABLE_CODE = YES;
				CLANG_WARN__DUPLICATE_METHOD_MATCH = YES;
				COPY_PHASE_STRIP = NO;
				CURRENT_PROJECT_VERSION = 1;
				DEBUG_INFORMATION_FORMAT = "dwarf-with-dsym";
				DEVELOPMENT_TEAM = 27LYLK4WV8;
				ENABLE_NS_ASSERTIONS = NO;
				ENABLE_STRICT_OBJC_MSGSEND = YES;
				GCC_C_LANGUAGE_STANDARD = gnu11;
				GCC_NO_COMMON_BLOCKS = YES;
				GCC_WARN_64_TO_32_BIT_CONVERSION = YES;
				GCC_WARN_ABOUT_RETURN_TYPE = YES_ERROR;
				GCC_WARN_UNDECLARED_SELECTOR = YES;
				GCC_WARN_UNINITIALIZED_AUTOS = YES_AGGRESSIVE;
				GCC_WARN_UNUSED_FUNCTION = YES;
				GCC_WARN_UNUSED_VARIABLE = YES;
				IPHONEOS_DEPLOYMENT_TARGET = 16.0;
				MARKETING_VERSION = 1.0.0;
				MTL_ENABLE_DEBUG_INFO = NO;
				MTL_FAST_MATH = YES;
				PRODUCT_NAME = "$(TARGET_NAME)";
				SWIFT_COMPILATION_MODE = wholemodule;
				SWIFT_OPTIMIZATION_LEVEL = "-O";
				SWIFT_VERSION = 5.9;
			};
			name = Release;
		};
		47A90922158768A635FA18AE /* Release */ = {
			isa = XCBuildConfiguration;
			buildSettings = {
				ASSETCATALOG_COMPILER_APPICON_NAME = AppIcon;
				COMBINE_HIDPI_IMAGES = YES;
				INFOPLIST_FILE = NFTArtsAdmin/Info.plist;
				LD_RUNPATH_SEARCH_PATHS = (
					"$(inherited)",
					"@executable_path/../Frameworks",
				);
				MACOSX_DEPLOYMENT_TARGET = 13.0;
				PRODUCT_BUNDLE_IDENTIFIER = com.gorenkov.NFTArtsAdmin;
				SDKROOT = macosx;
			};
			name = Release;
		};
		5E8A9D547932618D32CD32BC /* Release */ = {
			isa = XCBuildConfiguration;
			buildSettings = {
				ASSETCATALOG_COMPILER_APPICON_NAME = AppIcon;
				ASSETCATALOG_COMPILER_GLOBAL_ACCENT_COLOR_NAME = AccentColor;
				CODE_SIGN_IDENTITY = "iPhone Developer";
				INFOPLIST_FILE = NFTArts/Info.plist;
				LD_RUNPATH_SEARCH_PATHS = (
					"$(inherited)",
					"@executable_path/Frameworks",
				);
				PRODUCT_BUNDLE_IDENTIFIER = com.gorenkov.NFTArts;
				SDKROOT = iphoneos;
				SUPPORTS_MAC_DESIGNED_FOR_IPHONE_IPAD = NO;
				TARGETED_DEVICE_FAMILY = 1;
			};
			name = Release;
		};
		603BE399EA24336C3C1F1554 /* Debug */ = {
			isa = XCBuildConfiguration;
			buildSettings = {
				ALWAYS_SEARCH_USER_PATHS = NO;
				CLANG_ANALYZER_NONNULL = YES;
				CLANG_ANALYZER_NUMBER_OBJECT_CONVERSION = YES_AGGRESSIVE;
				CLANG_CXX_LANGUAGE_STANDARD = "gnu++14";
				CLANG_CXX_LIBRARY = "libc++";
				CLANG_ENABLE_MODULES = YES;
				CLANG_ENABLE_OBJC_ARC = YES;
				CLANG_ENABLE_OBJC_WEAK = YES;
				CLANG_WARN_BLOCK_CAPTURE_AUTORELEASING = YES;
				CLANG_WARN_BOOL_CONVERSION = YES;
				CLANG_WARN_COMMA = YES;
				CLANG_WARN_CONSTANT_CONVERSION = YES;
				CLANG_WARN_DEPRECATED_OBJC_IMPLEMENTATIONS = YES;
				CLANG_WARN_DIRECT_OBJC_ISA_USAGE = YES_ERROR;
				CLANG_WARN_DOCUMENTATION_COMMENTS = YES;
				CLANG_WARN_EMPTY_BODY = YES;
				CLANG_WARN_ENUM_CONVERSION = YES;
				CLANG_WARN_INFINITE_RECURSION = YES;
				CLANG_WARN_INT_CONVERSION = YES;
				CLANG_WARN_NON_LITERAL_NULL_CONVERSION = YES;
				CLANG_WARN_OBJC_IMPLICIT_RETAIN_SELF = YES;
				CLANG_WARN_OBJC_LITERAL_CONVERSION = YES;
				CLANG_WARN_OBJC_ROOT_CLASS = YES_ERROR;
				CLANG_WARN_QUOTED_INCLUDE_IN_FRAMEWORK_HEADER = YES;
				CLANG_WARN_RANGE_LOOP_ANALYSIS = YES;
				CLANG_WARN_STRICT_PROTOTYPES = YES;
				CLANG_WARN_SUSPICIOUS_MOVE = YES;
				CLANG_WARN_UNGUARDED_AVAILABILITY = YES_AGGRESSIVE;
				CLANG_WARN_UNREACHABLE_CODE = YES;
				CLANG_WARN__DUPLICATE_METHOD_MATCH = YES;
				COPY_PHASE_STRIP = NO;
				CURRENT_PROJECT_VERSION = 1;
				DEBUG_INFORMATION_FORMAT = dwarf;
				DEVELOPMENT_TEAM = 27LYLK4WV8;
				ENABLE_STRICT_OBJC_MSGSEND = YES;
				ENABLE_TESTABILITY = YES;
				GCC_C_LANGUAGE_STANDARD = gnu11;
				GCC_DYNAMIC_NO_PIC = NO;
				GCC_NO_COMMON_BLOCKS = YES;
				GCC_OPTIMIZATION_LEVEL = 0;
				GCC_PREPROCESSOR_DEFINITIONS = (
					"$(inherited)",
					"DEBUG=1",
				);
				GCC_WARN_64_TO_32_BIT_CONVERSION = YES;
				GCC_WARN_ABOUT_RETURN_TYPE = YES_ERROR;
				GCC_WARN_UNDECLARED_SELECTOR = YES;
				GCC_WARN_UNINITIALIZED_AUTOS = YES_AGGRESSIVE;
				GCC_WARN_UNUSED_FUNCTION = YES;
				GCC_WARN_UNUSED_VARIABLE = YES;
				IPHONEOS_DEPLOYMENT_TARGET = 16.0;
				MARKETING_VERSION = 1.0.0;
				MTL_ENABLE_DEBUG_INFO = INCLUDE_SOURCE;
				MTL_FAST_MATH = YES;
				ONLY_ACTIVE_ARCH = YES;
				PRODUCT_NAME = "$(TARGET_NAME)";
				SWIFT_ACTIVE_COMPILATION_CONDITIONS = DEBUG;
				SWIFT_OPTIMIZATION_LEVEL = "-Onone";
				SWIFT_VERSION = 5.9;
			};
			name = Debug;
		};
		6DEC817CC801050C1BFF34CF /* Debug */ = {
			isa = XCBuildConfiguration;
			buildSettings = {
				ASSETCATALOG_COMPILER_APPICON_NAME = AppIcon;
				COMBINE_HIDPI_IMAGES = YES;
				INFOPLIST_FILE = NFTArtsAdmin/Info.plist;
				LD_RUNPATH_SEARCH_PATHS = (
					"$(inherited)",
					"@executable_path/../Frameworks",
				);
				MACOSX_DEPLOYMENT_TARGET = 13.0;
				PRODUCT_BUNDLE_IDENTIFIER = com.gorenkov.NFTArtsAdmin;
				SDKROOT = macosx;
			};
			name = Debug;
		};
/* End XCBuildConfiguration section */

/* Begin XCConfigurationList section */
		B042DD7FB79A628AF569D7B0 /* Build configuration list for PBXNativeTarget "NFTArtsAdmin" */ = {
			isa = XCConfigurationList;
			buildConfigurations = (
				6DEC817CC801050C1BFF34CF /* Debug */,
				47A90922158768A635FA18AE /* Release */,
			);
			defaultConfigurationIsVisible = 0;
			defaultConfigurationName = Debug;
		};
		BDD116068D261B6665E16EA9 /* Build configuration list for PBXNativeTarget "NFTArts" */ = {
			isa = XCConfigurationList;
			buildConfigurations = (
				13E4656364DD689F9DE3CDDB /* Debug */,
				5E8A9D547932618D32CD32BC /* Release */,
			);
			defaultConfigurationIsVisible = 0;
			defaultConfigurationName = Debug;
		};
		F177517CFED812E198D2186A /* Build configuration list for PBXProject "NFTArts" */ = {
			isa = XCConfigurationList;
			buildConfigurations = (
				603BE399EA24336C3C1F1554 /* Debug */,
				4062C95A0D44A54A08AECB43 /* Release */,
			);
			defaultConfigurationIsVisible = 0;
			defaultConfigurationName = Debug;
		};
/* End XCConfigurationList section */
	};
	rootObject = 76927C873731DCD3C78ED191 /* Project object */;
}
